// !$*UTF8*$!
{
	archiveVersion = 1;
	classes = {
	};
	objectVersion = 77;
	objects = {

/* Begin PBXBuildFile section */
		01B72E2D2FA407C2007A4E2A /* HabittrackerxcodeApp.swift in Sources */ = {isa = PBXBuildFile; fileRef = 01B72E2C2FA407C2007A4E2A /* HabittrackerxcodeApp.swift */; };
		01B72E2F2FA407C2007A4E2A /* ContentView.swift in Sources */ = {isa = PBXBuildFile; fileRef = 01B72E2E2FA407C2007A4E2A /* ContentView.swift */; };
		01B72E312FA407C2007A4E2A /* habit.swift in Sources */ = {isa = PBXBuildFile; fileRef = 01B72E302FA407C2007A4E2A /* habit.swift */; };
		01B72E332FA407C4007A4E2A /* Assets.xcassets in Resources */ = {isa = PBXBuildFile; fileRef = 01B72E322FA407C4007A4E2A /* Assets.xcassets */; };
/* End PBXBuildFile section */

/* Begin PBXContainerItemProxy section */
		01B72E392FA407C4007A4E2A /* PBXContainerItemProxy */ = {
			isa = PBXContainerItemProxy;
			containerPortal = 01B72E212FA407C1007A4E2A /* Project object */;
			proxyType = 1;
			remoteGlobalIDString = 01B72E282FA407C2007A4E2A;
			remoteInfo = Habittrackerxcode;
		};
		01B72E432FA407C4007A4E2A /* PBXContainerItemProxy */ = {
			isa = PBXContainerItemProxy;
			containerPortal = 01B72E212FA407C1007A4E2A /* Project object */;
			proxyType = 1;
			remoteGlobalIDString = 01B72E282FA407C2007A4E2A;
			remoteInfo = Habittrackerxcode;
		};
/* End PBXContainerItemProxy section */

/* Begin PBXFileReference section */
		01B72E292FA407C2007A4E2A /* Habittrackerxcode.app */ = {isa = PBXFileReference; explicitFileType = wrapper.application; includeInIndex = 0; path = Habittrackerxcode.app; sourceTree = BUILT_PRODUCTS_DIR; };
		01B72E2C2FA407C2007A4E2A /* HabittrackerxcodeApp.swift */ = {isa = PBXFileReference; lastKnownFileType = sourcecode.swift; path = HabittrackerxcodeApp.swift; sourceTree = "<group>"; };
		01B72E2E2FA407C2007A4E2A /* ContentView.swift */ = {isa = PBXFileReference; lastKnownFileType = sourcecode.swift; path = ContentView.swift; sourceTree = "<group>"; };
		01B72E302FA407C2007A4E2A /* habit.swift */ = {isa = PBXFileReference; lastKnownFileType = sourcecode.swift; path = habit.swift; sourceTree = "<group>"; };
		01B72E322FA407C4007A4E2A /* Assets.xcassets */ = {isa = PBXFileReference; lastKnownFileType = folder.assetcatalog; path = Assets.xcassets; sourceTree = "<group>"; };
		01B72E382FA407C4007A4E2A /* HabittrackerxcodeTests.xctest */ = {isa = PBXFileReference; explicitFileType = wrapper.cfbundle; includeInIndex = 0; path = HabittrackerxcodeTests.xctest; sourceTree = BUILT_PRODUCTS_DIR; };
		01B72E422FA407C4007A4E2A /* HabittrackerxcodeUITests.xctest */ = {isa = PBXFileReference; explicitFileType = wrapper.cfbundle; includeInIndex = 0; path = HabittrackerxcodeUITests.xctest; sourceTree = BUILT_PRODUCTS_DIR; };
/* End PBXFileReference section */

/* Begin PBXFileSystemSynchronizedRootGroup section */
		01B72E2B2FA407C2007A4E2A /* Habittrackerxcode */ = {
			isa = PBXFileSystemSynchronizedRootGroup;
			path = Habittrackerxcode;
			sourceTree = "<group>";
		};
		01B72E3B2FA407C4007A4E2A /* HabittrackerxcodeTests */ = {
			isa = PBXFileSystemSynchronizedRootGroup;
			path = HabittrackerxcodeTests;
			sourceTree = "<group>";
		};
		01B72E452FA407C4007A4E2A /* HabittrackerxcodeUITests */ = {
			isa = PBXFileSystemSynchronizedRootGroup;
			path = HabittrackerxcodeUITests;
			sourceTree = "<group>";
		};
/* End PBXFileSystemSynchronizedRootGroup section */

/* Begin PBXFrameworksBuildPhase section */
		01B72E262FA407C2007A4E2A /* Frameworks */ = {
			isa = PBXFrameworksBuildPhase;
			buildActionMask = 2147483647;
			files = (
			);
			runOnlyForDeploymentPostprocessing = 0;
		};
		01B72E352FA407C4007A4E2A /* Frameworks */ = {
			isa = PBXFrameworksBuildPhase;
			buildActionMask = 2147483647;
			files = (
			);
			runOnlyForDeploymentPostprocessing = 0;
		};
		01B72E3F2FA407C4007A4E2A /* Frameworks */ = {
			isa = PBXFrameworksBuildPhase;
			buildActionMask = 2147483647;
			files = (
			);
			runOnlyForDeploymentPostprocessing = 0;
		};
/* End PBXFrameworksBuildPhase section */

/* Begin PBXGroup section */
		01B72E202FA407C1007A4E2A = {
			isa = PBXGroup;
			children = (
				01B72E582FA40C72007A4E2A /* App */,
				01B72E572FA40B95007A4E2A /* ViewModels */,
				01B72E562FA40B86007A4E2A /* Views */,
				01B72E552FA40B25007A4E2A /* Models  */,
				01B72E2B2FA407C2007A4E2A /* Habittrackerxcode */,
				01B72E3B2FA407C4007A4E2A /* HabittrackerxcodeTests */,
				01B72E452FA407C4007A4E2A /* HabittrackerxcodeUITests */,
				01B72E2A2FA407C2007A4E2A /* Products */,
			);
			sourceTree = "<group>";
		};
		01B72E2A2FA407C2007A4E2A /* Products */ = {
			isa = PBXGroup;
			children = (
				01B72E292FA407C2007A4E2A /* Habittrackerxcode.app */,
				01B72E382FA407C4007A4E2A /* HabittrackerxcodeTests.xctest */,
				01B72E422FA407C4007A4E2A /* HabittrackerxcodeUITests.xctest */,
			);
			name = Products;
			sourceTree = "<group>";
		};
		01B72E552FA40B25007A4E2A /* Models  */ = {
			isa = PBXGroup;
			children = (
				01B72E302FA407C2007A4E2A /* habit.swift */,
			);
			path = "Models ";
			sourceTree = "<group>";
		};
		01B72E562FA40B86007A4E2A /* Views */ = {
			isa = PBXGroup;
			children = (
				01B72E2E2FA407C2007A4E2A /* ContentView.swift */,
			);
			path = Views;
			sourceTree = "<group>";
		};
		01B72E572FA40B95007A4E2A /* ViewModels */ = {
			isa = PBXGroup;
			children = (
			);
			path = ViewModels;
			sourceTree = "<group>";
		};
		01B72E582FA40C72007A4E2A /* App */ = {
			isa = PBXGroup;
			children = (
				01B72E2C2FA407C2007A4E2A /* HabittrackerxcodeApp.swift */,
				01B72E322FA407C4007A4E2A /* Assets.xcassets */,
			);
			path = App;
			sourceTree = "<group>";
		};
/* End PBXGroup section */

/* Begin PBXNativeTarget section */
		01B72E282FA407C2007A4E2A /* Habittrackerxcode */ = {
			isa = PBXNativeTarget;
			buildConfigurationList = 01B72E4C2FA407C4007A4E2A /* Build configuration list for PBXNativeTarget "Habittrackerxcode" */;
			buildPhases = (
				01B72E252FA407C2007A4E2A /* Sources */,
				01B72E262FA407C2007A4E2A /* Frameworks */,
				01B72E272FA407C2007A4E2A /* Resources */,
			);
			buildRules = (
			);
			dependencies = (
			);
			fileSystemSynchronizedGroups = (
				01B72E2B2FA407C2007A4E2A /* Habittrackerxcode */,
			);
			name = Habittrackerxcode;
			packageProductDependencies = (
			);
			productName = Habittrackerxcode;
			productReference = 01B72E292FA407C2007A4E2A /* Habittrackerxcode.app */;
			productType = "com.apple.product-type.application";
		};
		01B72E372FA407C4007A4E2A /* HabittrackerxcodeTests */ = {
			isa = PBXNativeTarget;
			buildConfigurationList = 01B72E4F2FA407C4007A4E2A /* Build configuration list for PBXNativeTarget "HabittrackerxcodeTests" */;
			buildPhases = (
				01B72E342FA407C4007A4E2A /* Sources */,
				01B72E352FA407C4007A4E2A /* Frameworks */,
				01B72E362FA407C4007A4E2A /* Resources */,
			);
			buildRules = (
			);
			dependencies = (
				01B72E3A2FA407C4007A4E2A /* PBXTargetDependency */,
			);
			fileSystemSynchronizedGroups = (
				01B72E3B2FA407C4007A4E2A /* HabittrackerxcodeTests */,
			);
			name = HabittrackerxcodeTests;
			packageProductDependencies = (
			);
			productName = HabittrackerxcodeTests;
			productReference = 01B72E382FA407C4007A4E2A /* HabittrackerxcodeTests.xctest */;
			productType = "com.apple.product-type.bundle.unit-test";
		};
		01B72E412FA407C4007A4E2A /* HabittrackerxcodeUITests */ = {
			isa = PBXNativeTarget;
			buildConfigurationList = 01B72E522FA407C4007A4E2A /* Build configuration list for PBXNativeTarget "HabittrackerxcodeUITests" */;
			buildPhases = (
				01B72E3E2FA407C4007A4E2A /* Sources */,
				01B72E3F2FA407C4007A4E2A /* Frameworks */,
				01B72E402FA407C4007A4E2A /* Resources */,
			);
			buildRules = (
			);
			dependencies = (
				01B72E442FA407C4007A4E2A /* PBXTargetDependency */,
			);
			fileSystemSynchronizedGroups = (
				01B72E452FA407C4007A4E2A /* HabittrackerxcodeUITests */,
			);
			name = HabittrackerxcodeUITests;
			packageProductDependencies = (
			);
			productName = HabittrackerxcodeUITests;
			productReference = 01B72E422FA407C4007A4E2A /* HabittrackerxcodeUITests.xctest */;
			productType = "com.apple.product-type.bundle.ui-testing";
		};
/* End PBXNativeTarget section */

/* Begin PBXProject section */
		01B72E212FA407C1007A4E2A /* Project object */ = {
			isa = PBXProject;
			attributes = {
				BuildIndependentTargetsInParallel = 1;
				LastSwiftUpdateCheck = 2640;
				LastUpgradeCheck = 2640;
				TargetAttributes = {
					01B72E282FA407C2007A4E2A = {
						CreatedOnToolsVersion = 26.4;
					};
					01B72E372FA407C4007A4E2A = {
						CreatedOnToolsVersion = 26.4;
						TestTargetID = 01B72E282FA407C2007A4E2A;
					};
					01B72E412FA407C4007A4E2A = {
						CreatedOnToolsVersion = 26.4;
						TestTargetID = 01B72E282FA407C2007A4E2A;
					};
				};
			};
			buildConfigurationList = 01B72E242FA407C1007A4E2A /* Build configuration list for PBXProject "Habittrackerxcode" */;
			developmentRegion = en;
			hasScannedForEncodings = 0;
			knownRegions = (
				en,
				Base,
			);
			mainGroup = 01B72E202FA407C1007A4E2A;
			minimizedProjectReferenceProxies = 1;
			preferredProjectObjectVersion = 77;
			productRefGroup = 01B72E2A2FA407C2007A4E2A /* Products */;
			projectDirPath = "";
			projectRoot = "";
			targets = (
				01B72E282FA407C2007A4E2A /* Habittrackerxcode */,
				01B72E372FA407C4007A4E2A /* HabittrackerxcodeTests */,
				01B72E412FA407C4007A4E2A /* HabittrackerxcodeUITests */,
			);
		};
/* End PBXProject section */

/* Begin PBXResourcesBuildPhase section */
		01B72E272FA407C2007A4E2A /* Resources */ = {
			isa = PBXResourcesBuildPhase;
			buildActionMask = 2147483647;
			files = (
				01B72E332FA407C4007A4E2A /* Assets.xcassets in Resources */,
			);
			runOnlyForDeploymentPostprocessing = 0;
		};
		01B72E362FA407C4007A4E2A /* Resources */ = {
			isa = PBXResourcesBuildPhase;
			buildActionMask = 2147483647;
			files = (
			);
			runOnlyForDeploymentPostprocessing = 0;
		};
		01B72E402FA407C4007A4E2A /* Resources */ = {
			isa = PBXResourcesBuildPhase;
			buildActionMask = 2147483647;
			files = (
			);
			runOnlyForDeploymentPostprocessing = 0;
		};
/* End PBXResourcesBuildPhase section */

/* Begin PBXSourcesBuildPhase section */
		01B72E252FA407C2007A4E2A /* Sources */ = {
			isa = PBXSourcesBuildPhase;
			buildActionMask = 2147483647;
			files = (
				01B72E2F2FA407C2007A4E2A /* ContentView.swift in Sources */,
				01B72E312FA407C2007A4E2A /* habit.swift in Sources */,
				01B72E2D2FA407C2007A4E2A /* HabittrackerxcodeApp.swift in Sources */,
			);
			runOnlyForDeploymentPostprocessing = 0;
		};
		01B72E342FA407C4007A4E2A /* Sources */ = {
			isa = PBXSourcesBuildPhase;
			buildActionMask = 2147483647;
			files = (
			);
			runOnlyForDeploymentPostprocessing = 0;
		};
		01B72E3E2FA407C4007A4E2A /* Sources */ = {
			isa = PBXSourcesBuildPhase;
			buildActionMask = 2147483647;
			files = (
			);
			runOnlyForDeploymentPostprocessing = 0;
		};
/* End PBXSourcesBuildPhase section */

/* Begin PBXTargetDependency section */
		01B72E3A2FA407C4007A4E2A /* PBXTargetDependency */ = {
			isa = PBXTargetDependency;
			target = 01B72E282FA407C2007A4E2A /* Habittrackerxcode */;
			targetProxy = 01B72E392FA407C4007A4E2A /* PBXContainerItemProxy */;
		};
		01B72E442FA407C4007A4E2A /* PBXTargetDependency */ = {
			isa = PBXTargetDependency;
			target = 01B72E282FA407C2007A4E2A /* Habittrackerxcode */;
			targetProxy = 01B72E432FA407C4007A4E2A /* PBXContainerItemProxy */;
		};
/* End PBXTargetDependency section */

/* Begin XCBuildConfiguration section */
		01B72E4A2FA407C4007A4E2A /* Debug */ = {
			isa = XCBuildConfiguration;
			buildSettings = {
				ALWAYS_SEARCH_USER_PATHS = NO;
				ASSETCATALOG_COMPILER_GENERATE_SWIFT_ASSET_SYMBOL_EXTENSIONS = YES;
				CLANG_ANALYZER_NONNULL = YES;
				CLANG_ANALYZER_NUMBER_OBJECT_CONVERSION = YES_AGGRESSIVE;
				CLANG_CXX_LANGUAGE_STANDARD = "gnu++20";
				CLANG_ENABLE_MODULES = YES;
				CLANG_ENABLE_OBJC_ARC = YES;
				CLANG_ENABLE_OBJC_WEAK = YES;
				CLANG_WARN_BLOCK_CAPTURE_AUTORELEASING = YES;
				CLANG_WARN_BOOL_CONVERSION = YES;
				CLANG_WARN_COMMA = YES;
				CLANG_WARN_CONSTANT_CONVERSION = YES;
				CLANG_WARN_DEPRECATED_OBJC_IMPLEMENTATIONS = YES;
				CLANG_WARN_DIRECT_OBJC_ISA_USAGE = YES_ERROR;
				CLANG_WARN_DOCUMENTATION_COMMENTS = YES;
				CLANG_WARN_EMPTY_BODY = YES;
				CLANG_WARN_ENUM_CONVERSION = YES;
				CLANG_WARN_INFINITE_RECURSION = YES;
				CLANG_WARN_INT_CONVERSION = YES;
				CLANG_WARN_NON_LITERAL_NULL_CONVERSION = YES;
				CLANG_WARN_OBJC_IMPLICIT_RETAIN_SELF = YES;
				CLANG_WARN_OBJC_LITERAL_CONVERSION = YES;
				CLANG_WARN_OBJC_ROOT_CLASS = YES_ERROR;
				CLANG_WARN_QUOTED_INCLUDE_IN_FRAMEWORK_HEADER = YES;
				CLANG_WARN_RANGE_LOOP_ANALYSIS = YES;
				CLANG_WARN_STRICT_PROTOTYPES = YES;
				CLANG_WARN_SUSPICIOUS_MOVE = YES;
				CLANG_WARN_UNGUARDED_AVAILABILITY = YES_AGGRESSIVE;
				CLANG_WARN_UNREACHABLE_CODE = YES;
				CLANG_WARN__DUPLICATE_METHOD_MATCH = YES;
				COPY_PHASE_STRIP = NO;
				DEBUG_INFORMATION_FORMAT = dwarf;
				ENABLE_STRICT_OBJC_MSGSEND = YES;
				ENABLE_TESTABILITY = YES;
				ENABLE_USER_SCRIPT_SANDBOXING = YES;
				GCC_C_LANGUAGE_STANDARD = gnu17;
				GCC_DYNAMIC_NO_PIC = NO;
				GCC_NO_COMMON_BLOCKS = YES;
				GCC_OPTIMIZATION_LEVEL = 0;
				GCC_PREPROCESSOR_DEFINITIONS = (
					"DEBUG=1",
					"$(inherited)",
				);
				GCC_WARN_64_TO_32_BIT_CONVERSION = YES;
				GCC_WARN_ABOUT_RETURN_TYPE = YES_ERROR;
				GCC_WARN_UNDECLARED_SELECTOR = YES;
				GCC_WARN_UNINITIALIZED_AUTOS = YES_AGGRESSIVE;
				GCC_WARN_UNUSED_FUNCTION = YES;
				GCC_WARN_UNUSED_VARIABLE = YES;
				LOCALIZATION_PREFERS_STRING_CATALOGS = YES;
				MTL_ENABLE_DEBUG_INFO = INCLUDE_SOURCE;
				MTL_FAST_MATH = YES;
				ONLY_ACTIVE_ARCH = YES;
				SWIFT_ACTIVE_COMPILATION_CONDITIONS = "DEBUG $(inherited)";
				SWIFT_OPTIMIZATION_LEVEL = "-Onone";
			};
			name = Debug;
		};
		01B72E4B2FA407C4007A4E2A /* Release */ = {
			isa = XCBuildConfiguration;
			buildSettings = {
				ALWAYS_SEARCH_USER_PATHS = NO;
				ASSETCATALOG_COMPILER_GENERATE_SWIFT_ASSET_SYMBOL_EXTENSIONS = YES;
				CLANG_ANALYZER_NONNULL = YES;
				CLANG_ANALYZER_NUMBER_OBJECT_CONVERSION = YES_AGGRESSIVE;
				CLANG_CXX_LANGUAGE_STANDARD = "gnu++20";
				CLANG_ENABLE_MODULES = YES;
				CLANG_ENABLE_OBJC_ARC = YES;
				CLANG_ENABLE_OBJC_WEAK = YES;
				CLANG_WARN_BLOCK_CAPTURE_AUTORELEASING = YES;
				CLANG_WARN_BOOL_CONVERSION = YES;
				CLANG_WARN_COMMA = YES;
				CLANG_WARN_CONSTANT_CONVERSION = YES;
				CLANG_WARN_DEPRECATED_OBJC_IMPLEMENTATIONS = YES;
				CLANG_WARN_DIRECT_OBJC_ISA_USAGE = YES_ERROR;
				CLANG_WARN_DOCUMENTATION_COMMENTS = YES;
				CLANG_WARN_EMPTY_BODY = YES;
				CLANG_WARN_ENUM_CONVERSION = YES;
				CLANG_WARN_INFINITE_RECURSION = YES;
				CLANG_WARN_INT_CONVERSION = YES;
				CLANG_WARN_NON_LITERAL_NULL_CONVERSION = YES;
				CLANG_WARN_OBJC_IMPLICIT_RETAIN_SELF = YES;
				CLANG_WARN_OBJC_LITERAL_CONVERSION = YES;
				CLANG_WARN_OBJC_ROOT_CLASS = YES_ERROR;
				CLANG_WARN_QUOTED_INCLUDE_IN_FRAMEWORK_HEADER = YES;
				CLANG_WARN_RANGE_LOOP_ANALYSIS = YES;
				CLANG_WARN_STRICT_PROTOTYPES = YES;
				CLANG_WARN_SUSPICIOUS_MOVE = YES;
				CLANG_WARN_UNGUARDED_AVAILABILITY = YES_AGGRESSIVE;
				CLANG_WARN_UNREACHABLE_CODE = YES;
				CLANG_WARN__DUPLICATE_METHOD_MATCH = YES;
				COPY_PHASE_STRIP = NO;
				DEBUG_INFORMATION_FORMAT = "dwarf-with-dsym";
				ENABLE_NS_ASSERTIONS = NO;
				ENABLE_STRICT_OBJC_MSGSEND = YES;
				ENABLE_USER_SCRIPT_SANDBOXING = YES;
				GCC_C_LANGUAGE_STANDARD = gnu17;
				GCC_NO_COMMON_BLOCKS = YES;
				GCC_WARN_64_TO_32_BIT_CONVERSION = YES;
				GCC_WARN_ABOUT_RETURN_TYPE = YES_ERROR;
				GCC_WARN_UNDECLARED_SELECTOR = YES;
				GCC_WARN_UNINITIALIZED_AUTOS = YES_AGGRESSIVE;
				GCC_WARN_UNUSED_FUNCTION = YES;
				GCC_WARN_UNUSED_VARIABLE = YES;
				LOCALIZATION_PREFERS_STRING_CATALOGS = YES;
				MTL_ENABLE_DEBUG_INFO = NO;
				MTL_FAST_MATH = YES;
				SWIFT_COMPILATION_MODE = wholemodule;
			};
			name = Release;
		};
		01B72E4D2FA407C4007A4E2A /* Debug */ = {
			isa = XCBuildConfiguration;
			buildSettings = {
				ASSETCATALOG_COMPILER_APPICON_NAME = AppIcon;
				ASSETCATALOG_COMPILER_GLOBAL_ACCENT_COLOR_NAME = AccentColor;
				CODE_SIGN_STYLE = Automatic;
				CURRENT_PROJECT_VERSION = 1;
				ENABLE_APP_SANDBOX = YES;
				ENABLE_PREVIEWS = YES;
				ENABLE_USER_SELECTED_FILES = readonly;
				GENERATE_INFOPLIST_FILE = YES;
				"INFOPLIST_KEY_UIApplicationSceneManifest_Generation[sdk=iphoneos*]" = YES;
				"INFOPLIST_KEY_UIApplicationSceneManifest_Generation[sdk=iphonesimulator*]" = YES;
				"INFOPLIST_KEY_UIApplicationSupportsIndirectInputEvents[sdk=iphoneos*]" = YES;
				"INFOPLIST_KEY_UIApplicationSupportsIndirectInputEvents[sdk=iphonesimulator*]" = YES;
				"INFOPLIST_KEY_UILaunchScreen_Generation[sdk=iphoneos*]" = YES;
				"INFOPLIST_KEY_UILaunchScreen_Generation[sdk=iphonesimulator*]" = YES;
				"INFOPLIST_KEY_UIStatusBarStyle[sdk=iphoneos*]" = UIStatusBarStyleDefault;
				"INFOPLIST_KEY_UIStatusBarStyle[sdk=iphonesimulator*]" = UIStatusBarStyleDefault;
				INFOPLIST_KEY_UISupportedInterfaceOrientations_iPad = "UIInterfaceOrientationPortrait UIInterfaceOrientationPortraitUpsideDown UIInterfaceOrientationLandscapeLeft UIInterfaceOrientationLandscapeRight";
				INFOPLIST_KEY_UISupportedInterfaceOrientations_iPhone = "UIInterfaceOrientationPortrait UIInterfaceOrientationLandscapeLeft UIInterfaceOrientationLandscapeRight";
				IPHONEOS_DEPLOYMENT_TARGET = 26.4;
				LD_RUNPATH_SEARCH_PATHS = "@executable_path/Frameworks";
				"LD_RUNPATH_SEARCH_PATHS[sdk=macosx*]" = "@executable_path/../Frameworks";
				MACOSX_DEPLOYMENT_TARGET = 26.4;
				MARKETING_VERSION = 1.0;
				PRODUCT_BUNDLE_IDENTIFIER = pinar.Habittrackerxcode;
				PRODUCT_NAME = "$(TARGET_NAME)";
				REGISTER_APP_GROUPS = YES;
				SDKROOT = auto;
				STRING_CATALOG_GENERATE_SYMBOLS = YES;
				SUPPORTED_PLATFORMS = "iphoneos iphonesimulator macosx xros xrsimulator";
				SWIFT_APPROACHABLE_CONCURRENCY = YES;
				SWIFT_DEFAULT_ACTOR_ISOLATION = MainActor;
				SWIFT_EMIT_LOC_STRINGS = YES;
				SWIFT_UPCOMING_FEATURE_MEMBER_IMPORT_VISIBILITY = YES;
				SWIFT_VERSION = 5.0;
				TARGETED_DEVICE_FAMILY = "1,2,7";
				XROS_DEPLOYMENT_TARGET = 26.4;
			};
			name = Debug;
		};
		01B72E4E2FA407C4007A4E2A /* Release */ = {
			isa = XCBuildConfiguration;
			buildSettings = {
				ASSETCATALOG_COMPILER_APPICON_NAME = AppIcon;
				ASSETCATALOG_COMPILER_GLOBAL_ACCENT_COLOR_NAME = AccentColor;
				CODE_SIGN_STYLE = Automatic;
				CURRENT_PROJECT_VERSION = 1;
				ENABLE_APP_SANDBOX = YES;
				ENABLE_PREVIEWS = YES;
				ENABLE_USER_SELECTED_FILES = readonly;
				GENERATE_INFOPLIST_FILE = YES;
				"INFOPLIST_KEY_UIApplicationSceneManifest_Generation[sdk=iphoneos*]" = YES;
				"INFOPLIST_KEY_UIApplicationSceneManifest_Generation[sdk=iphonesimulator*]" = YES;
				"INFOPLIST_KEY_UIApplicationSupportsIndirectInputEvents[sdk=iphoneos*]" = YES;
				"INFOPLIST_KEY_UIApplicationSupportsIndirectInputEvents[sdk=iphonesimulator*]" = YES;
				"INFOPLIST_KEY_UILaunchScreen_Generation[sdk=iphoneos*]" = YES;
				"INFOPLIST_KEY_UILaunchScreen_Generation[sdk=iphonesimulator*]" = YES;
				"INFOPLIST_KEY_UIStatusBarStyle[sdk=iphoneos*]" = UIStatusBarStyleDefault;
				"INFOPLIST_KEY_UIStatusBarStyle[sdk=iphonesimulator*]" = UIStatusBarStyleDefault;
				INFOPLIST_KEY_UISupportedInterfaceOrientations_iPad = "UIInterfaceOrientationPortrait UIInterfaceOrientationPortraitUpsideDown UIInterfaceOrientationLandscapeLeft UIInterfaceOrientationLandscapeRight";
				INFOPLIST_KEY_UISupportedInterfaceOrientations_iPhone = "UIInterfaceOrientationPortrait UIInterfaceOrientationLandscapeLeft UIInterfaceOrientationLandscapeRight";
				IPHONEOS_DEPLOYMENT_TARGET = 26.4;
				LD_RUNPATH_SEARCH_PATHS = "@executable_path/Frameworks";
				"LD_RUNPATH_SEARCH_PATHS[sdk=macosx*]" = "@executable_path/../Frameworks";
				MACOSX_DEPLOYMENT_TARGET = 26.4;
				MARKETING_VERSION = 1.0;
				PRODUCT_BUNDLE_IDENTIFIER = pinar.Habittrackerxcode;
				PRODUCT_NAME = "$(TARGET_NAME)";
				REGISTER_APP_GROUPS = YES;
				SDKROOT = auto;
				STRING_CATALOG_GENERATE_SYMBOLS = YES;
				SUPPORTED_PLATFORMS = "iphoneos iphonesimulator macosx xros xrsimulator";
				SWIFT_APPROACHABLE_CONCURRENCY = YES;
				SWIFT_DEFAULT_ACTOR_ISOLATION = MainActor;
				SWIFT_EMIT_LOC_STRINGS = YES;
				SWIFT_UPCOMING_FEATURE_MEMBER_IMPORT_VISIBILITY = YES;
				SWIFT_VERSION = 5.0;
				TARGETED_DEVICE_FAMILY = "1,2,7";
				XROS_DEPLOYMENT_TARGET = 26.4;
			};
			name = Release;
		};
		01B72E502FA407C4007A4E2A /* Debug */ = {
			isa = XCBuildConfiguration;
			buildSettings = {
				BUNDLE_LOADER = "$(TEST_HOST)";
				CODE_SIGN_STYLE = Automatic;
				CURRENT_PROJECT_VERSION = 1;
				GENERATE_INFOPLIST_FILE = YES;
				IPHONEOS_DEPLOYMENT_TARGET = 26.4;
				MACOSX_DEPLOYMENT_TARGET = 26.4;
				MARKETING_VERSION = 1.0;
				PRODUCT_BUNDLE_IDENTIFIER = pinar.HabittrackerxcodeTests;
				PRODUCT_NAME = "$(TARGET_NAME)";
				SDKROOT = auto;
				STRING_CATALOG_GENERATE_SYMBOLS = NO;
				SUPPORTED_PLATFORMS = "iphoneos iphonesimulator macosx xros xrsimulator";
				SWIFT_APPROACHABLE_CONCURRENCY = YES;
				SWIFT_EMIT_LOC_STRINGS = NO;
				SWIFT_UPCOMING_FEATURE_MEMBER_IMPORT_VISIBILITY = YES;
				SWIFT_VERSION = 5.0;
				TARGETED_DEVICE_FAMILY = "1,2,7";
				TEST_HOST = "$(BUILT_PRODUCTS_DIR)/Habittrackerxcode.app/$(BUNDLE_EXECUTABLE_FOLDER_PATH)/Habittrackerxcode";
				XROS_DEPLOYMENT_TARGET = 26.4;
			};
			name = Debug;
		};
		01B72E512FA407C4007A4E2A /* Release */ = {
			isa = XCBuildConfiguration;
			buildSettings = {
				BUNDLE_LOADER = "$(TEST_HOST)";
				CODE_SIGN_STYLE = Automatic;
				CURRENT_PROJECT_VERSION = 1;
				GENERATE_INFOPLIST_FILE = YES;
				IPHONEOS_DEPLOYMENT_TARGET = 26.4;
				MACOSX_DEPLOYMENT_TARGET = 26.4;
				MARKETING_VERSION = 1.0;
				PRODUCT_BUNDLE_IDENTIFIER = pinar.HabittrackerxcodeTests;
				PRODUCT_NAME = "$(TARGET_NAME)";
				SDKROOT = auto;
				STRING_CATALOG_GENERATE_SYMBOLS = NO;
				SUPPORTED_PLATFORMS = "iphoneos iphonesimulator macosx xros xrsimulator";
				SWIFT_APPROACHABLE_CONCURRENCY = YES;
				SWIFT_EMIT_LOC_STRINGS = NO;
				SWIFT_UPCOMING_FEATURE_MEMBER_IMPORT_VISIBILITY = YES;
				SWIFT_VERSION = 5.0;
				TARGETED_DEVICE_FAMILY = "1,2,7";
				TEST_HOST = "$(BUILT_PRODUCTS_DIR)/Habittrackerxcode.app/$(BUNDLE_EXECUTABLE_FOLDER_PATH)/Habittrackerxcode";
				XROS_DEPLOYMENT_TARGET = 26.4;
			};
			name = Release;
		};
		01B72E532FA407C4007A4E2A /* Debug */ = {
			isa = XCBuildConfiguration;
			buildSettings = {
				CODE_SIGN_STYLE = Automatic;
				CURRENT_PROJECT_VERSION = 1;
				GENERATE_INFOPLIST_FILE = YES;
				IPHONEOS_DEPLOYMENT_TARGET = 26.4;
				MACOSX_DEPLOYMENT_TARGET = 26.4;
				MARKETING_VERSION = 1.0;
				PRODUCT_BUNDLE_IDENTIFIER = pinar.HabittrackerxcodeUITests;
				PRODUCT_NAME = "$(TARGET_NAME)";
				SDKROOT = auto;
				STRING_CATALOG_GENERATE_SYMBOLS = NO;
				SUPPORTED_PLATFORMS = "iphoneos iphonesimulator macosx xros xrsimulator";
				SWIFT_APPROACHABLE_CONCURRENCY = YES;
				SWIFT_EMIT_LOC_STRINGS = NO;
				SWIFT_UPCOMING_FEATURE_MEMBER_IMPORT_VISIBILITY = YES;
				SWIFT_VERSION = 5.0;
				TARGETED_DEVICE_FAMILY = "1,2,7";
				TEST_TARGET_NAME = Habittrackerxcode;
				XROS_DEPLOYMENT_TARGET = 26.4;
			};
			name = Debug;
		};
		01B72E542FA407C4007A4E2A /* Release */ = {
			isa = XCBuildConfiguration;
			buildSettings = {
				CODE_SIGN_STYLE = Automatic;
				CURRENT_PROJECT_VERSION = 1;
				GENERATE_INFOPLIST_FILE = YES;
				IPHONEOS_DEPLOYMENT_TARGET = 26.4;
				MACOSX_DEPLOYMENT_TARGET = 26.4;
				MARKETING_VERSION = 1.0;
				PRODUCT_BUNDLE_IDENTIFIER = pinar.HabittrackerxcodeUITests;
				PRODUCT_NAME = "$(TARGET_NAME)";
				SDKROOT = auto;
				STRING_CATALOG_GENERATE_SYMBOLS = NO;
				SUPPORTED_PLATFORMS = "iphoneos iphonesimulator macosx xros xrsimulator";
				SWIFT_APPROACHABLE_CONCURRENCY = YES;
				SWIFT_EMIT_LOC_STRINGS = NO;
				SWIFT_UPCOMING_FEATURE_MEMBER_IMPORT_VISIBILITY = YES;
				SWIFT_VERSION = 5.0;
				TARGETED_DEVICE_FAMILY = "1,2,7";
				TEST_TARGET_NAME = Habittrackerxcode;
				XROS_DEPLOYMENT_TARGET = 26.4;
			};
			name = Release;
		};
/* End XCBuildConfiguration section */

/* Begin XCConfigurationList section */
		01B72E242FA407C1007A4E2A /* Build configuration list for PBXProject "Habittrackerxcode" */ = {
			isa = XCConfigurationList;
			buildConfigurations = (
				01B72E4A2FA407C4007A4E2A /* Debug */,
				01B72E4B2FA407C4007A4E2A /* Release */,
			);
			defaultConfigurationIsVisible = 0;
			defaultConfigurationName = Release;
		};
		01B72E4C2FA407C4007A4E2A /* Build configuration list for PBXNativeTarget "Habittrackerxcode" */ = {
			isa = XCConfigurationList;
			buildConfigurations = (
				01B72E4D2FA407C4007A4E2A /* Debug */,
				01B72E4E2FA407C4007A4E2A /* Release */,
			);
			defaultConfigurationIsVisible = 0;
			defaultConfigurationName = Release;
		};
		01B72E4F2FA407C4007A4E2A /* Build configuration list for PBXNativeTarget "HabittrackerxcodeTests" */ = {
			isa = XCConfigurationList;
			buildConfigurations = (
				01B72E502FA407C4007A4E2A /* Debug */,
				01B72E512FA407C4007A4E2A /* Release */,
			);
			defaultConfigurationIsVisible = 0;
			defaultConfigurationName = Release;
		};
		01B72E522FA407C4007A4E2A /* Build configuration list for PBXNativeTarget "HabittrackerxcodeUITests" */ = {
			isa = XCConfigurationList;
			buildConfigurations = (
				01B72E532FA407C4007A4E2A /* Debug */,
				01B72E542FA407C4007A4E2A /* Release */,
			);
			defaultConfigurationIsVisible = 0;
			defaultConfigurationName = Release;
		};
/* End XCConfigurationList section */
	};
	rootObject = 01B72E212FA407C1007A4E2A /* Project object */;
}
